
Microsoft Visual Studio Solution File, Format Version 12.00
# Visual Studio Version 17
VisualStudioVersion = 17.12.35506.116
MinimumVisualStudioVersion = 10.0.40219.1
Project("{2150E333-8FDC-42A3-9474-1A3956D46DE8}") = "src", "src", "{4A6312AE-2A3D-4E57-9B15-6C47340ACD68}"
EndProject
Project("{2150E333-8FDC-42A3-9474-1A3956D46DE8}") = "test", "test", "{4FE3E669-B64C-44ED-BE70-123BA4019F7A}"
EndProject
Project("{FAE04EC0-301F-11D3-BF4B-00C04F79EFBC}") = "Domain", "src\Domain\Domain.csproj", "{762B427D-16CA-4A27-8690-2D7A86E4DE5E}"
EndProject
Project("{FAE04EC0-301F-11D3-BF4B-00C04F79EFBC}") = "UnitTests", "test\UnitTests\UnitTests.csproj", "{18666EC7-B0D2-4EF8-93C2-2873F1641F03}"
EndProject
Project("{FAE04EC0-301F-11D3-BF4B-00C04F79EFBC}") = "Application", "src\Application\Application.csproj", "{3598F9D7-9ABD-4C28-B6EE-27A3F4555050}"
EndProject
Project("{FAE04EC0-301F-11D3-BF4B-00C04F79EFBC}") = "Infrastructure", "src\Infrastructure\Infrastructure.csproj", "{E350AB21-C188-4F78-981D-77F8191F56BE}"
EndProject
Project("{FAE04EC0-301F-11D3-BF4B-00C04F79EFBC}") = "Web", "src\Web\Web.csproj", "{C395F190-9A51-4E42-B895-C343DB8B8BA2}"
EndProject
Project("{FAE04EC0-301F-11D3-BF4B-00C04F79EFBC}") = "FunctionalTests", "test\FunctionalTests\FunctionalTests.csproj", "{D0E9C524-D373-4455-94E1-3F79A9C55142}"
EndProject
Global
	GlobalSection(SolutionConfigurationPlatforms) = preSolution
		Debug|Any CPU = Debug|Any CPU
		Release|Any CPU = Release|Any CPU
	EndGlobalSection
	GlobalSection(ProjectConfigurationPlatforms) = postSolution
		{762B427D-16CA-4A27-8690-2D7A86E4DE5E}.Debug|Any CPU.ActiveCfg = Debug|Any CPU
		{762B427D-16CA-4A27-8690-2D7A86E4DE5E}.Debug|Any CPU.Build.0 = Debug|Any CPU
		{762B427D-16CA-4A27-8690-2D7A86E4DE5E}.Release|Any CPU.ActiveCfg = Release|Any CPU
		{762B427D-16CA-4A27-8690-2D7A86E4DE5E}.Release|Any CPU.Build.0 = Release|Any CPU
		{18666EC7-B0D2-4EF8-93C2-2873F1641F03}.Debug|Any CPU.ActiveCfg = Debug|Any CPU
		{18666EC7-B0D2-4EF8-93C2-2873F1641F03}.Debug|Any CPU.Build.0 = Debug|Any CPU
		{18666EC7-B0D2-4EF8-93C2-2873F1641F03}.Release|Any CPU.ActiveCfg = Release|Any CPU
		{18666EC7-B0D2-4EF8-93C2-2873F1641F03}.Release|Any CPU.Build.0 = Release|Any CPU
		{3598F9D7-9ABD-4C28-B6EE-27A3F4555050}.Debug|Any CPU.ActiveCfg = Debug|Any CPU
		{3598F9D7-9ABD-4C28-B6EE-27A3F4555050}.Debug|Any CPU.Build.0 = Debug|Any CPU
		{3598F9D7-9ABD-4C28-B6EE-27A3F4555050}.Release|Any CPU.ActiveCfg = Release|Any CPU
		{3598F9D7-9ABD-4C28-B6EE-27A3F4555050}.Release|Any CPU.Build.0 = Release|Any CPU
		{E350AB21-C188-4F78-981D-77F8191F56BE}.Debug|Any CPU.ActiveCfg = Debug|Any CPU
		{E350AB21-C188-4F78-981D-77F8191F56BE}.Debug|Any CPU.Build.0 = Debug|Any CPU
		{E350AB21-C188-4F78-981D-77F8191F56BE}.Release|Any CPU.ActiveCfg = Release|Any CPU
		{E350AB21-C188-4F78-981D-77F8191F56BE}.Release|Any CPU.Build.0 = Release|Any CPU
		{C395F190-9A51-4E42-B895-C343DB8B8BA2}.Debug|Any CPU.ActiveCfg = Debug|Any CPU
		{C395F190-9A51-4E42-B895-C343DB8B8BA2}.Debug|Any CPU.Build.0 = Debug|Any CPU
		{C395F190-9A51-4E42-B895-C343DB8B8BA2}.Release|Any CPU.ActiveCfg = Release|Any CPU
		{C395F190-9A51-4E42-B895-C343DB8B8BA2}.Release|Any CPU.Build.0 = Release|Any CPU
		{D0E9C524-D373-4455-94E1-3F79A9C55142}.Debug|Any CPU.ActiveCfg = Debug|Any CPU
		{D0E9C524-D373-4455-94E1-3F79A9C55142}.Debug|Any CPU.Build.0 = Debug|Any CPU
		{D0E9C524-D373-4455-94E1-3F79A9C55142}.Release|Any CPU.ActiveCfg = Release|Any CPU
		{D0E9C524-D373-4455-94E1-3F79A9C55142}.Release|Any CPU.Build.0 = Release|Any CPU
	EndGlobalSection
	GlobalSection(SolutionProperties) = preSolution
		HideSolutionNode = FALSE
	EndGlobalSection
	GlobalSection(NestedProjects) = preSolution
		{762B427D-16CA-4A27-8690-2D7A86E4DE5E} = {4A6312AE-2A3D-4E57-9B15-6C47340ACD68}
		{18666EC7-B0D2-4EF8-93C2-2873F1641F03} = {4FE3E669-B64C-44ED-BE70-123BA4019F7A}
		{3598F9D7-9ABD-4C28-B6EE-27A3F4555050} = {4A6312AE-2A3D-4E57-9B15-6C47340ACD68}
		{E350AB21-C188-4F78-981D-77F8191F56BE} = {4A6312AE-2A3D-4E57-9B15-6C47340ACD68}
		{C395F190-9A51-4E42-B895-C343DB8B8BA2} = {4A6312AE-2A3D-4E57-9B15-6C47340ACD68}
		{D0E9C524-D373-4455-94E1-3F79A9C55142} = {4FE3E669-B64C-44ED-BE70-123BA4019F7A}
	EndGlobalSection
EndGlobal
